
Microsoft Visual Studio Solution File, Format Version 12.00
# Visual Studio 2012
Project("{8BC9CEB8-8B4A-11D0-8D11-00A0C91BC942}") = "AttrPedXingDlg", "AttrPedXingDlg.vcxproj", "{0EB7B931-7A8F-40E6-889A-B427806473D6}"
EndProject
Project("{8BC9CEB8-8B4A-11D0-8D11-00A0C91BC942}") = "AttrDlgLib_vc11", "..\AttrDlgLib\build\AttrDlgLib_vc11.vcxproj", "{836499CD-72DF-4722-8FA9-DA3F79D50698}"
EndProject
Global
	GlobalSection(SolutionConfigurationPlatforms) = preSolution
		Debug for LQ|Win32 = Debug for LQ|Win32
		Debug|Win32 = Debug|Win32
		Release for LQ|Win32 = Release for LQ|Win32
		Release_English for LQ|Win32 = Release_English for LQ|Win32
		Release_English|Win32 = Release_English|Win32
		Release|Win32 = Release|Win32
	EndGlobalSection
	GlobalSection(ProjectConfigurationPlatforms) = postSolution
		{0EB7B931-7A8F-40E6-889A-B427806473D6}.Debug for LQ|Win32.ActiveCfg = Debug|Win32
		{0EB7B931-7A8F-40E6-889A-B427806473D6}.Debug for LQ|Win32.Build.0 = Debug|Win32
		{0EB7B931-7A8F-40E6-889A-B427806473D6}.Debug|Win32.ActiveCfg = Debug|Win32
		{0EB7B931-7A8F-40E6-889A-B427806473D6}.Debug|Win32.Build.0 = Debug|Win32
		{0EB7B931-7A8F-40E6-889A-B427806473D6}.Release for LQ|Win32.ActiveCfg = Release|Win32
		{0EB7B931-7A8F-40E6-889A-B427806473D6}.Release for LQ|Win32.Build.0 = Release|Win32
		{0EB7B931-7A8F-40E6-889A-B427806473D6}.Release_English for LQ|Win32.ActiveCfg = Release|Win32
		{0EB7B931-7A8F-40E6-889A-B427806473D6}.Release_English for LQ|Win32.Build.0 = Release|Win32
		{0EB7B931-7A8F-40E6-889A-B427806473D6}.Release_English|Win32.ActiveCfg = Release|Win32
		{0EB7B931-7A8F-40E6-889A-B427806473D6}.Release_English|Win32.Build.0 = Release|Win32
		{0EB7B931-7A8F-40E6-889A-B427806473D6}.Release|Win32.ActiveCfg = Release|Win32
		{0EB7B931-7A8F-40E6-889A-B427806473D6}.Release|Win32.Build.0 = Release|Win32
		{836499CD-72DF-4722-8FA9-DA3F79D50698}.Debug for LQ|Win32.ActiveCfg = Debug for LQ|Win32
		{836499CD-72DF-4722-8FA9-DA3F79D50698}.Debug for LQ|Win32.Build.0 = Debug for LQ|Win32
		{836499CD-72DF-4722-8FA9-DA3F79D50698}.Debug|Win32.ActiveCfg = Debug|Win32
		{836499CD-72DF-4722-8FA9-DA3F79D50698}.Debug|Win32.Build.0 = Debug|Win32
		{836499CD-72DF-4722-8FA9-DA3F79D50698}.Release for LQ|Win32.ActiveCfg = Release for LQ|Win32
		{836499CD-72DF-4722-8FA9-DA3F79D50698}.Release for LQ|Win32.Build.0 = Release for LQ|Win32
		{836499CD-72DF-4722-8FA9-DA3F79D50698}.Release_English for LQ|Win32.ActiveCfg = Release_English for LQ|Win32
		{836499CD-72DF-4722-8FA9-DA3F79D50698}.Release_English for LQ|Win32.Build.0 = Release_English for LQ|Win32
		{836499CD-72DF-4722-8FA9-DA3F79D50698}.Release_English|Win32.ActiveCfg = Release_English|Win32
		{836499CD-72DF-4722-8FA9-DA3F79D50698}.Release_English|Win32.Build.0 = Release_English|Win32
		{836499CD-72DF-4722-8FA9-DA3F79D50698}.Release|Win32.ActiveCfg = Release|Win32
		{836499CD-72DF-4722-8FA9-DA3F79D50698}.Release|Win32.Build.0 = Release|Win32
	EndGlobalSection
	GlobalSection(SolutionProperties) = preSolution
		HideSolutionNode = FALSE
	EndGlobalSection
EndGlobal
