<?xml version="1.0" encoding="utf-8"?>
<Project ToolsVersion="4.0" xmlns="http://schemas.microsoft.com/developer/msbuild/2003">
  <ItemGroup>
    <Filter Include="Source Files">
      <UniqueIdentifier>{b368d856-271f-4565-940a-18251d977e9a}</UniqueIdentifier>
      <Extensions>cpp;c;cxx;rc;def;r;odl;idl;hpj;bat</Extensions>
    </Filter>
    <Filter Include="Header Files">
      <UniqueIdentifier>{89d65196-30d6-4685-b3f9-1b4885193cc7}</UniqueIdentifier>
      <Extensions>h;hpp;hxx;hm;inl</Extensions>
    </Filter>
  </ItemGroup>
  <ItemGroup>
    <ClCompile Include="GDBDomain.cpp">
      <Filter>Source Files</Filter>
    </ClCompile>
    <ClCompile Include="GDBGeometry.cpp">
      <Filter>Source Files</Filter>
    </ClCompile>
    <ClCompile Include="GDBObject.cpp">
      <Filter>Source Files</Filter>
    </ClCompile>
    <ClCompile Include="GDBQuery.cpp">
      <Filter>Source Files</Filter>
    </ClCompile>
    <ClCompile Include="GDBQueryDef.cpp">
      <Filter>Source Files</Filter>
    </ClCompile>
    <ClCompile Include="GDBSpatialSearch.cpp">
      <Filter>Source Files</Filter>
    </ClCompile>
    <ClCompile Include="GDBWorkspace.cpp">
      <Filter>Source Files</Filter>
    </ClCompile>
    <ClCompile Include="GDBError.cpp">
      <Filter>Source Files</Filter>
    </ClCompile>
    <ClCompile Include="GDB.cpp">
      <Filter>Source Files</Filter>
    </ClCompile>
  </ItemGroup>
  <ItemGroup>
    <ClInclude Include="GDB.h">
      <Filter>Header Files</Filter>
    </ClInclude>
    <ClInclude Include="GDBDomain.h">
      <Filter>Header Files</Filter>
    </ClInclude>
    <ClInclude Include="GDBError.h">
      <Filter>Header Files</Filter>
    </ClInclude>
    <ClInclude Include="GDBGeometry.h">
      <Filter>Header Files</Filter>
    </ClInclude>
    <ClInclude Include="GDBObject.h">
      <Filter>Header Files</Filter>
    </ClInclude>
    <ClInclude Include="GDBQuery.h">
      <Filter>Header Files</Filter>
    </ClInclude>
    <ClInclude Include="GDBQueryDef.h">
      <Filter>Header Files</Filter>
    </ClInclude>
    <ClInclude Include="GDBSpatialSearch.h">
      <Filter>Header Files</Filter>
    </ClInclude>
    <ClInclude Include="GDBWorkspace.h">
      <Filter>Header Files</Filter>
    </ClInclude>
    <ClInclude Include="libgdb.h">
      <Filter>Header Files</Filter>
    </ClInclude>
  </ItemGroup>
  <ItemGroup>
    <None Include="../../Project/LicenseHeaderMaster.licenseheader" />
  </ItemGroup>
</Project>

