<?xml version="1.0" encoding="utf-8"?>
<Project ToolsVersion="4.0" xmlns="http://schemas.microsoft.com/developer/msbuild/2003">
  <ItemGroup>
    <Filter Include="Source Files">
      <UniqueIdentifier>{05473538-ce1a-4f1e-a232-66f5a719b9fb}</UniqueIdentifier>
      <Extensions>cpp;c;cxx;rc;def;r;odl;idl;hpj;bat</Extensions>
    </Filter>
    <Filter Include="Header Files">
      <UniqueIdentifier>{bcf1e363-be71-4cbf-8adb-98db06e797d4}</UniqueIdentifier>
      <Extensions>h;hpp;hxx;hm;inl</Extensions>
    </Filter>
  </ItemGroup>
  <ItemGroup>
    <ClCompile Include="SindyAccessPoint.cpp">
      <Filter>Source Files</Filter>
    </ClCompile>
    <ClCompile Include="SindyAccessStore.cpp">
      <Filter>Source Files</Filter>
    </ClCompile>
    <ClCompile Include="SindyAnnotation.cpp">
      <Filter>Source Files</Filter>
    </ClCompile>
    <ClCompile Include="SindyBaseAdmin.cpp">
      <Filter>Source Files</Filter>
    </ClCompile>
    <ClCompile Include="SindyBaseAnnotation.cpp">
      <Filter>Source Files</Filter>
    </ClCompile>
    <ClCompile Include="SindyBaseMesh.cpp">
      <Filter>Source Files</Filter>
    </ClCompile>
    <ClCompile Include="SindyByway.cpp">
      <Filter>Source Files</Filter>
    </ClCompile>
    <ClCompile Include="SindyCityAnnotation.cpp">
      <Filter>Source Files</Filter>
    </ClCompile>
    <ClCompile Include="SindyCityMesh.cpp">
      <Filter>Source Files</Filter>
    </ClCompile>
    <ClCompile Include="SindyDirguide.cpp">
      <Filter>Source Files</Filter>
    </ClCompile>
    <ClCompile Include="SindyDupliLink.cpp">
      <Filter>Source Files</Filter>
    </ClCompile>
    <ClCompile Include="SindyFacilInfoPoint.cpp">
      <Filter>Source Files</Filter>
    </ClCompile>
    <ClCompile Include="SindyGrad.cpp">
      <Filter>Source Files</Filter>
    </ClCompile>
    <ClCompile Include="SindyGuide.cpp">
      <Filter>Source Files</Filter>
    </ClCompile>
    <ClCompile Include="SindyHighwayFacil.cpp">
      <Filter>Source Files</Filter>
    </ClCompile>
    <ClCompile Include="SindyHighwayNode.cpp">
      <Filter>Source Files</Filter>
    </ClCompile>
    <ClCompile Include="SindyHighwayPoint.cpp">
      <Filter>Source Files</Filter>
    </ClCompile>
    <ClCompile Include="SindyHighwayText.cpp">
      <Filter>Source Files</Filter>
    </ClCompile>
    <ClCompile Include="SindyInterNavi.cpp">
      <Filter>Source Files</Filter>
    </ClCompile>
    <ClCompile Include="SindyLane.cpp">
      <Filter>Source Files</Filter>
    </ClCompile>
    <ClCompile Include="SindyMeshFeature.cpp">
      <Filter>Source Files</Filter>
    </ClCompile>
    <ClCompile Include="SindyMiddleAnnotation.cpp">
      <Filter>Source Files</Filter>
    </ClCompile>
    <ClCompile Include="SindyMiddleMesh.cpp">
      <Filter>Source Files</Filter>
    </ClCompile>
    <ClCompile Include="SindyParkingShape.cpp">
      <Filter>Source Files</Filter>
    </ClCompile>
    <ClCompile Include="SindyRoadCodeList.cpp">
      <Filter>Source Files</Filter>
    </ClCompile>
    <ClCompile Include="SindyRoadLink.cpp">
      <Filter>Source Files</Filter>
    </ClCompile>
    <ClCompile Include="SindyRoadNetwork.cpp">
      <Filter>Source Files</Filter>
    </ClCompile>
    <ClCompile Include="SindyRoadNode.cpp">
      <Filter>Source Files</Filter>
    </ClCompile>
    <ClCompile Include="SindyRoute.cpp">
      <Filter>Source Files</Filter>
    </ClCompile>
    <ClCompile Include="SindySegmentAttr.cpp">
      <Filter>Source Files</Filter>
    </ClCompile>
    <ClCompile Include="SindyTimeNoPassage.cpp">
      <Filter>Source Files</Filter>
    </ClCompile>
    <ClCompile Include="SindyTimeOneway.cpp">
      <Filter>Source Files</Filter>
    </ClCompile>
    <ClCompile Include="SindyTurnreg.cpp">
      <Filter>Source Files</Filter>
    </ClCompile>
    <ClCompile Include="SindyUturn.cpp">
      <Filter>Source Files</Filter>
    </ClCompile>
    <ClCompile Include="SindyVics.cpp">
      <Filter>Source Files</Filter>
    </ClCompile>
    <ClCompile Include="SindyIntersection.cpp">
      <Filter>Source Files</Filter>
    </ClCompile>
    <ClCompile Include="SindyEtcTollgate.cpp">
      <Filter>Source Files</Filter>
    </ClCompile>
  </ItemGroup>
  <ItemGroup>
    <ClInclude Include="SindyAccessPoint.h">
      <Filter>Header Files</Filter>
    </ClInclude>
    <ClInclude Include="SindyAccessStore.h">
      <Filter>Header Files</Filter>
    </ClInclude>
    <ClInclude Include="SindyAnnotation.h">
      <Filter>Header Files</Filter>
    </ClInclude>
    <ClInclude Include="SindyBaseAdmin.h">
      <Filter>Header Files</Filter>
    </ClInclude>
    <ClInclude Include="SindyBaseAnnotation.h">
      <Filter>Header Files</Filter>
    </ClInclude>
    <ClInclude Include="SindyBaseMesh.h">
      <Filter>Header Files</Filter>
    </ClInclude>
    <ClInclude Include="SindyByway.h">
      <Filter>Header Files</Filter>
    </ClInclude>
    <ClInclude Include="SindyCityAnnotation.h">
      <Filter>Header Files</Filter>
    </ClInclude>
    <ClInclude Include="SindyCityMesh.h">
      <Filter>Header Files</Filter>
    </ClInclude>
    <ClInclude Include="SindyDirguide.h">
      <Filter>Header Files</Filter>
    </ClInclude>
    <ClInclude Include="SindyDupliLink.h">
      <Filter>Header Files</Filter>
    </ClInclude>
    <ClInclude Include="SindyFacilInfoPoint.h">
      <Filter>Header Files</Filter>
    </ClInclude>
    <ClInclude Include="SindyGrad.h">
      <Filter>Header Files</Filter>
    </ClInclude>
    <ClInclude Include="SindyGuide.h">
      <Filter>Header Files</Filter>
    </ClInclude>
    <ClInclude Include="SindyHighwayFacil.h">
      <Filter>Header Files</Filter>
    </ClInclude>
    <ClInclude Include="SindyHighwayNode.h">
      <Filter>Header Files</Filter>
    </ClInclude>
    <ClInclude Include="SindyHighwayPoint.h">
      <Filter>Header Files</Filter>
    </ClInclude>
    <ClInclude Include="SindyHighwayText.h">
      <Filter>Header Files</Filter>
    </ClInclude>
    <ClInclude Include="SindyInterNavi.h">
      <Filter>Header Files</Filter>
    </ClInclude>
    <ClInclude Include="SindyLane.h">
      <Filter>Header Files</Filter>
    </ClInclude>
    <ClInclude Include="SindyMeshFeature.h">
      <Filter>Header Files</Filter>
    </ClInclude>
    <ClInclude Include="SindyMiddleAnnotation.h">
      <Filter>Header Files</Filter>
    </ClInclude>
    <ClInclude Include="SindyMiddleMesh.h">
      <Filter>Header Files</Filter>
    </ClInclude>
    <ClInclude Include="SindyParkingShape.h">
      <Filter>Header Files</Filter>
    </ClInclude>
    <ClInclude Include="SindyRoadCodeList.h">
      <Filter>Header Files</Filter>
    </ClInclude>
    <ClInclude Include="SindyRoadLink.h">
      <Filter>Header Files</Filter>
    </ClInclude>
    <ClInclude Include="SindyRoadNetwork.h">
      <Filter>Header Files</Filter>
    </ClInclude>
    <ClInclude Include="SindyRoadNode.h">
      <Filter>Header Files</Filter>
    </ClInclude>
    <ClInclude Include="SindyRoute.h">
      <Filter>Header Files</Filter>
    </ClInclude>
    <ClInclude Include="SindySegmentAttr.h">
      <Filter>Header Files</Filter>
    </ClInclude>
    <ClInclude Include="SindyTimeNoPassage.h">
      <Filter>Header Files</Filter>
    </ClInclude>
    <ClInclude Include="SindyTimeOneway.h">
      <Filter>Header Files</Filter>
    </ClInclude>
    <ClInclude Include="SindyTurnreg.h">
      <Filter>Header Files</Filter>
    </ClInclude>
    <ClInclude Include="SindyUturn.h">
      <Filter>Header Files</Filter>
    </ClInclude>
    <ClInclude Include="SindyVics.h">
      <Filter>Header Files</Filter>
    </ClInclude>
    <ClInclude Include="SindyIntersection.h">
      <Filter>Header Files</Filter>
    </ClInclude>
    <ClInclude Include="SindyEtcTollgate.h">
      <Filter>Header Files</Filter>
    </ClInclude>
  </ItemGroup>
  <ItemGroup>
    <None Include="../../Project/LicenseHeaderMaster.licenseheader" />
  </ItemGroup>
</Project>