<?xml version="1.0" encoding="utf-8"?>
<Project ToolsVersion="4.0" xmlns="http://schemas.microsoft.com/developer/msbuild/2003">
  <ItemGroup>
    <Filter Include="ドキュメント ファイル">
      <UniqueIdentifier>{afc8aa0c-e326-47dd-a768-7952d144b137}</UniqueIdentifier>
      <Extensions>dox</Extensions>
    </Filter>
    <Filter Include="スクリプト ファイル">
      <UniqueIdentifier>{045cdfb8-5476-4f80-9958-e47e69603558}</UniqueIdentifier>
    </Filter>
    <Filter Include="設定ファイル">
      <UniqueIdentifier>{0673c3dc-1281-41c3-88db-31629d97c27a}</UniqueIdentifier>
    </Filter>
  </ItemGroup>
  <ItemGroup>
    <None Include="history.dox">
      <Filter>ドキュメント ファイル</Filter>
    </None>
    <None Include="introduction.dox">
      <Filter>ドキュメント ファイル</Filter>
    </None>
    <None Include="mainpage.dox">
      <Filter>ドキュメント ファイル</Filter>
    </None>
    <None Include="overview.dox">
      <Filter>ドキュメント ファイル</Filter>
    </None>
    <None Include="usage.dox">
      <Filter>ドキュメント ファイル</Filter>
    </None>
    <None Include="make.bat">
      <Filter>スクリプト ファイル</Filter>
    </None>
    <None Include="doxyfile">
      <Filter>設定ファイル</Filter>
    </None>
    <None Include="makefile">
      <Filter>設定ファイル</Filter>
    </None>
    <None Include="version.bat">
      <Filter>設定ファイル</Filter>
    </None>
  </ItemGroup>
  <ItemGroup>
    <None Include="../../../Project/LicenseHeaderMaster.licenseheader" />
  </ItemGroup>
</Project>

