
Microsoft Visual Studio Solution File, Format Version 12.00
# Visual Studio 2012
Project("{8BC9CEB8-8B4A-11D0-8D11-00A0C91BC942}") = "CityMeshUpdater", "CityMeshUpdater.vcxproj", "{47236C3A-3567-4C4E-8B73-AE84D905F864}"
EndProject
Global
	GlobalSection(SolutionConfigurationPlatforms) = preSolution
		Debug|Win32 = Debug|Win32
		Release|Win32 = Release|Win32
	EndGlobalSection
	GlobalSection(ProjectConfigurationPlatforms) = postSolution
		{47236C3A-3567-4C4E-8B73-AE84D905F864}.Debug|Win32.ActiveCfg = Debug|Win32
		{47236C3A-3567-4C4E-8B73-AE84D905F864}.Debug|Win32.Build.0 = Debug|Win32
		{47236C3A-3567-4C4E-8B73-AE84D905F864}.Release|Win32.ActiveCfg = Release|Win32
		{47236C3A-3567-4C4E-8B73-AE84D905F864}.Release|Win32.Build.0 = Release|Win32
	EndGlobalSection
	GlobalSection(SolutionProperties) = preSolution
		HideSolutionNode = FALSE
	EndGlobalSection
EndGlobal
