
Microsoft Visual Studio Solution File, Format Version 12.00
# Visual Studio 2012
Project("{8BC9CEB8-8B4A-11D0-8D11-00A0C91BC942}") = "CreatePyramid", "CreatePyramid.vcxproj", "{6294D03D-A33E-410C-90B4-2A143C28281D}"
EndProject
Global
	GlobalSection(SolutionConfigurationPlatforms) = preSolution
		Debug|Win32 = Debug|Win32
		Release|Win32 = Release|Win32
	EndGlobalSection
	GlobalSection(ProjectConfigurationPlatforms) = postSolution
		{6294D03D-A33E-410C-90B4-2A143C28281D}.Debug|Win32.ActiveCfg = Debug|Win32
		{6294D03D-A33E-410C-90B4-2A143C28281D}.Debug|Win32.Build.0 = Debug|Win32
		{6294D03D-A33E-410C-90B4-2A143C28281D}.Release|Win32.ActiveCfg = Release|Win32
		{6294D03D-A33E-410C-90B4-2A143C28281D}.Release|Win32.Build.0 = Release|Win32
	EndGlobalSection
	GlobalSection(SolutionProperties) = preSolution
		HideSolutionNode = FALSE
	EndGlobalSection
EndGlobal
