<?xml version="1.0" encoding="utf-8"?>
<Project ToolsVersion="4.0" xmlns="http://schemas.microsoft.com/developer/msbuild/2003">
  <ItemGroup>
    <Filter Include="Source Files">
      <UniqueIdentifier>{be0c81df-df55-4f2c-a457-82ce3de2c952}</UniqueIdentifier>
      <Extensions>cpp;c;cxx;rc;def;r;odl;idl;hpj;bat</Extensions>
    </Filter>
    <Filter Include="Header Files">
      <UniqueIdentifier>{7f05d5b5-8467-4c35-8dfa-311e590aa798}</UniqueIdentifier>
      <Extensions>h;hpp;hxx;hm;inl</Extensions>
    </Filter>
  </ItemGroup>
  <ItemGroup>
    <ClCompile Include="INROADINFO.cpp">
      <Filter>Source Files</Filter>
    </ClCompile>
    <ClCompile Include="INRoadInfoSet.cpp">
      <Filter>Source Files</Filter>
    </ClCompile>
    <ClCompile Include="INRoadLinkTraceCondition.cpp">
      <Filter>Source Files</Filter>
    </ClCompile>
    <ClCompile Include="Z2RegLoad.cpp">
      <Filter>Source Files</Filter>
    </ClCompile>
  </ItemGroup>
  <ItemGroup>
    <ClInclude Include="INROADINFO.h">
      <Filter>Header Files</Filter>
    </ClInclude>
    <ClInclude Include="INRoadInfoSet.h">
      <Filter>Header Files</Filter>
    </ClInclude>
    <ClInclude Include="INRoadLinkTraceCondition.h">
      <Filter>Header Files</Filter>
    </ClInclude>
    <ClInclude Include="Z2RegLoad.h">
      <Filter>Header Files</Filter>
    </ClInclude>
  </ItemGroup>
  <ItemGroup>
    <None Include="../../Project/LicenseHeaderMaster.licenseheader" />
  </ItemGroup>
</Project>

