
Microsoft Visual Studio Solution File, Format Version 12.00
# Visual Studio 2012
Project("{8BC9CEB8-8B4A-11D0-8D11-00A0C91BC942}") = "INROAD_vc11", "INROAD_vc11.vcxproj", "{0E5F95D8-5E01-4A82-A147-FB5A0803EB80}"
EndProject
Global
	GlobalSection(SolutionConfigurationPlatforms) = preSolution
		Debug|Win32 = Debug|Win32
		Release|Win32 = Release|Win32
	EndGlobalSection
	GlobalSection(ProjectConfigurationPlatforms) = postSolution
		{0E5F95D8-5E01-4A82-A147-FB5A0803EB80}.Debug|Win32.ActiveCfg = Debug|Win32
		{0E5F95D8-5E01-4A82-A147-FB5A0803EB80}.Debug|Win32.Build.0 = Debug|Win32
		{0E5F95D8-5E01-4A82-A147-FB5A0803EB80}.Release|Win32.ActiveCfg = Release|Win32
		{0E5F95D8-5E01-4A82-A147-FB5A0803EB80}.Release|Win32.Build.0 = Release|Win32
	EndGlobalSection
	GlobalSection(SolutionProperties) = preSolution
		HideSolutionNode = FALSE
	EndGlobalSection
EndGlobal
