<?xml version="1.0" encoding="utf-8"?>
<Project ToolsVersion="4.0" xmlns="http://schemas.microsoft.com/developer/msbuild/2003">
  <ItemGroup>
    <Filter Include="Source Files">
      <UniqueIdentifier>{5398ea1d-c90d-4d74-8ece-c13fe549393a}</UniqueIdentifier>
      <Extensions>cpp;c;cxx;rc;def;r;odl;idl;hpj;bat</Extensions>
    </Filter>
    <Filter Include="Header Files">
      <UniqueIdentifier>{4e12781e-8c8b-407c-a25b-bf582fcafe29}</UniqueIdentifier>
      <Extensions>h;hpp;hxx;hm;inl</Extensions>
    </Filter>
  </ItemGroup>
  <ItemGroup>
    <ClCompile Include="KKDAdmin.cpp">
      <Filter>Source Files</Filter>
    </ClCompile>
    <ClCompile Include="KKDCodeCommunity.cpp">
      <Filter>Source Files</Filter>
    </ClCompile>
    <ClCompile Include="KKDLaneRegulationIntersectionNode.cpp">
      <Filter>Source Files</Filter>
    </ClCompile>
    <ClCompile Include="KKDLaneRegulationRoadLink.cpp">
      <Filter>Source Files</Filter>
    </ClCompile>
    <ClCompile Include="KKDLaneRegulationRoadNode.cpp">
      <Filter>Source Files</Filter>
    </ClCompile>
    <ClCompile Include="KKDLayer2.cpp">
      <Filter>Source Files</Filter>
    </ClCompile>
    <ClCompile Include="KKDLoad2.cpp">
      <Filter>Source Files</Filter>
    </ClCompile>
    <ClCompile Include="KKDLoadProtocol.cpp">
      <Filter>Source Files</Filter>
    </ClCompile>
    <ClCompile Include="KKDRegulationRoadLink.cpp">
      <Filter>Source Files</Filter>
    </ClCompile>
    <ClCompile Include="KKDRegulationRoadNode.cpp">
      <Filter>Source Files</Filter>
    </ClCompile>
    <ClCompile Include="KKDValues.cpp">
      <Filter>Source Files</Filter>
    </ClCompile>
  </ItemGroup>
  <ItemGroup>
    <ResourceCompile Include="kkdlib.rc">
      <Filter>Source Files</Filter>
    </ResourceCompile>
  </ItemGroup>
  <ItemGroup>
    <ClInclude Include="include\KKDAdmin.h">
      <Filter>Header Files</Filter>
    </ClInclude>
    <ClInclude Include="include\KKDCodeCommunity.h">
      <Filter>Header Files</Filter>
    </ClInclude>
    <ClInclude Include="include\KKDLaneRegulationIntersectionNode.h">
      <Filter>Header Files</Filter>
    </ClInclude>
    <ClInclude Include="include\KKDLaneRegulationRoadLink.h">
      <Filter>Header Files</Filter>
    </ClInclude>
    <ClInclude Include="include\KKDLaneRegulationRoadNode.h">
      <Filter>Header Files</Filter>
    </ClInclude>
    <ClInclude Include="include\KKDLayer.h">
      <Filter>Header Files</Filter>
    </ClInclude>
    <ClInclude Include="include\KKDLayer2.h">
      <Filter>Header Files</Filter>
    </ClInclude>
    <ClInclude Include="include\KKDLayerLoad.h">
      <Filter>Header Files</Filter>
    </ClInclude>
    <ClInclude Include="include\KKDLoad.h">
      <Filter>Header Files</Filter>
    </ClInclude>
    <ClInclude Include="include\KKDLoad2.h">
      <Filter>Header Files</Filter>
    </ClInclude>
    <ClInclude Include="include\KKDLoadProtocol.h">
      <Filter>Header Files</Filter>
    </ClInclude>
    <ClInclude Include="include\KKDRecord.h">
      <Filter>Header Files</Filter>
    </ClInclude>
    <ClInclude Include="include\KKDRegulationRoadLink.h">
      <Filter>Header Files</Filter>
    </ClInclude>
    <ClInclude Include="include\KKDRegulationRoadNode.h">
      <Filter>Header Files</Filter>
    </ClInclude>
    <ClInclude Include="include\KKDValues.h">
      <Filter>Header Files</Filter>
    </ClInclude>
    <ClInclude Include="include\KKDVersion.h">
      <Filter>Header Files</Filter>
    </ClInclude>
  </ItemGroup>
  <ItemGroup>
    <None Include="../../Project/LicenseHeaderMaster.licenseheader" />
  </ItemGroup>
</Project>

