
Microsoft Visual Studio Solution File, Format Version 12.00
# Visual Studio 2012
Project("{8BC9CEB8-8B4A-11D0-8D11-00A0C91BC942}") = "CreateSmartGatewayNodelist", "CreateSmartGatewayNodelist.vcxproj", "{9D94AFC8-766B-4A91-8C3A-3EC59F21382D}"
EndProject
Global
	GlobalSection(SolutionConfigurationPlatforms) = preSolution
		Debug|Win32 = Debug|Win32
		Release|Win32 = Release|Win32
	EndGlobalSection
	GlobalSection(ProjectConfigurationPlatforms) = postSolution
		{9D94AFC8-766B-4A91-8C3A-3EC59F21382D}.Debug|Win32.ActiveCfg = Debug|Win32
		{9D94AFC8-766B-4A91-8C3A-3EC59F21382D}.Debug|Win32.Build.0 = Debug|Win32
		{9D94AFC8-766B-4A91-8C3A-3EC59F21382D}.Release|Win32.ActiveCfg = Release|Win32
		{9D94AFC8-766B-4A91-8C3A-3EC59F21382D}.Release|Win32.Build.0 = Release|Win32
	EndGlobalSection
	GlobalSection(SolutionProperties) = preSolution
		HideSolutionNode = FALSE
	EndGlobalSection
EndGlobal
