
Microsoft Visual Studio Solution File, Format Version 12.00
# Visual Studio 2012
Project("{8BC9CEB8-8B4A-11D0-8D11-00A0C91BC942}") = "AttrRoadLinkDlg", "AttrRoadLinkDlg.vcxproj", "{B9CD8FDD-2EEE-43E8-A7B6-2AC9D13AF188}"
	ProjectSection(ProjectDependencies) = postProject
		{836499CD-72DF-4722-8FA9-DA3F79D50698} = {836499CD-72DF-4722-8FA9-DA3F79D50698}
	EndProjectSection
EndProject
Project("{8BC9CEB8-8B4A-11D0-8D11-00A0C91BC942}") = "AttrDlgLib_vc11", "..\AttrDlgLib\build\AttrDlgLib_vc11.vcxproj", "{836499CD-72DF-4722-8FA9-DA3F79D50698}"
EndProject
Global
	GlobalSection(SolutionConfigurationPlatforms) = preSolution
		Debug|Win32 = Debug|Win32
		Release|Win32 = Release|Win32
	EndGlobalSection
	GlobalSection(ProjectConfigurationPlatforms) = postSolution
		{B9CD8FDD-2EEE-43E8-A7B6-2AC9D13AF188}.Debug|Win32.ActiveCfg = Debug|Win32
		{B9CD8FDD-2EEE-43E8-A7B6-2AC9D13AF188}.Debug|Win32.Build.0 = Debug|Win32
		{B9CD8FDD-2EEE-43E8-A7B6-2AC9D13AF188}.Release|Win32.ActiveCfg = Release|Win32
		{B9CD8FDD-2EEE-43E8-A7B6-2AC9D13AF188}.Release|Win32.Build.0 = Release|Win32
		{836499CD-72DF-4722-8FA9-DA3F79D50698}.Debug|Win32.ActiveCfg = Debug|Win32
		{836499CD-72DF-4722-8FA9-DA3F79D50698}.Debug|Win32.Build.0 = Debug|Win32
		{836499CD-72DF-4722-8FA9-DA3F79D50698}.Release|Win32.ActiveCfg = Release|Win32
		{836499CD-72DF-4722-8FA9-DA3F79D50698}.Release|Win32.Build.0 = Release|Win32
	EndGlobalSection
	GlobalSection(SolutionProperties) = preSolution
		HideSolutionNode = FALSE
	EndGlobalSection
EndGlobal
