
Microsoft Visual Studio Solution File, Format Version 12.00
# Visual Studio 2012
Project("{8BC9CEB8-8B4A-11D0-8D11-00A0C91BC942}") = "CreateCurveInfo_vc11", "CreateCurveInfo_vc11.vcxproj", "{D62646E4-9159-4112-9B97-1D3FC8461081}"
	ProjectSection(ProjectDependencies) = postProject
		{E7351738-6401-40CA-B87F-74A670E7CB8C} = {E7351738-6401-40CA-B87F-74A670E7CB8C}
		{CBEB2339-5612-4E8C-A838-6150FCC58018} = {CBEB2339-5612-4E8C-A838-6150FCC58018}
		{3C63403A-2E4C-43AF-9B86-D810F0235F81} = {3C63403A-2E4C-43AF-9B86-D810F0235F81}
		{E526D13B-2BFD-4B40-9F4C-0B0131310E3D} = {E526D13B-2BFD-4B40-9F4C-0B0131310E3D}
		{5B0E0545-3D1E-4233-BF0B-55BC76969BD6} = {5B0E0545-3D1E-4233-BF0B-55BC76969BD6}
		{D199805B-EEF2-4236-9190-F67D582B1BFB} = {D199805B-EEF2-4236-9190-F67D582B1BFB}
		{B2B09C5E-D72B-40E2-931F-49B17C5DB10F} = {B2B09C5E-D72B-40E2-931F-49B17C5DB10F}
		{011B737E-84FE-4671-91A8-B842814286A4} = {011B737E-84FE-4671-91A8-B842814286A4}
		{CB063E81-42D2-4500-942A-B5E77900F442} = {CB063E81-42D2-4500-942A-B5E77900F442}
		{2B2235A9-B5F7-4111-843D-2C34E5154944} = {2B2235A9-B5F7-4111-843D-2C34E5154944}
		{DFE6DADA-135B-4437-8390-6E9BF3ECF93B} = {DFE6DADA-135B-4437-8390-6E9BF3ECF93B}
	EndProjectSection
EndProject
Project("{8BC9CEB8-8B4A-11D0-8D11-00A0C91BC942}") = "adlib", "adlib\adlib.vcxproj", "{DFE6DADA-135B-4437-8390-6E9BF3ECF93B}"
EndProject
Project("{8BC9CEB8-8B4A-11D0-8D11-00A0C91BC942}") = "crd_cnv_vc11", "..\..\LIB\crd_cnv\crd_cnv_vc11.vcxproj", "{E526D13B-2BFD-4B40-9F4C-0B0131310E3D}"
EndProject
Project("{8BC9CEB8-8B4A-11D0-8D11-00A0C91BC942}") = "schema_vc11", "..\..\LIB\sindy\build\schema\schema_vc11.vcxproj", "{B2B09C5E-D72B-40E2-931F-49B17C5DB10F}"
EndProject
Project("{8BC9CEB8-8B4A-11D0-8D11-00A0C91BC942}") = "shapelib_vc11", "..\..\LIB\shapelib\shapelib_vc11.vcxproj", "{D199805B-EEF2-4236-9190-F67D582B1BFB}"
EndProject
Project("{8BC9CEB8-8B4A-11D0-8D11-00A0C91BC942}") = "ArcHelperEx_vc11", "..\..\LIB\ArcHelperEx\build\ArcHelperEx_vc11.vcxproj", "{2B2235A9-B5F7-4111-843D-2C34E5154944}"
EndProject
Project("{8BC9CEB8-8B4A-11D0-8D11-00A0C91BC942}") = "RNS", "..\..\LIB\RNSlibs\RNS\RNS_vc11.vcxproj", "{011B737E-84FE-4671-91A8-B842814286A4}"
EndProject
Project("{8BC9CEB8-8B4A-11D0-8D11-00A0C91BC942}") = "RNSMap", "..\..\LIB\RNSlibs\RNSMap\RNSMap_vc11.vcxproj", "{3C63403A-2E4C-43AF-9B86-D810F0235F81}"
EndProject
Project("{8BC9CEB8-8B4A-11D0-8D11-00A0C91BC942}") = "RNSShape", "..\..\LIB\RNSlibs\RNSShape\RNSShape_vc11.vcxproj", "{CB063E81-42D2-4500-942A-B5E77900F442}"
EndProject
Project("{8BC9CEB8-8B4A-11D0-8D11-00A0C91BC942}") = "sindylib_base_vc11", "..\..\LIB\TDC\sindylib_base\build\sindylib_base_vc11.vcxproj", "{5B0E0545-3D1E-4233-BF0B-55BC76969BD6}"
EndProject
Project("{8BC9CEB8-8B4A-11D0-8D11-00A0C91BC942}") = "winlib_vc11", "..\..\LIB\WinLib\build\winlib_vc11.vcxproj", "{CBEB2339-5612-4E8C-A838-6150FCC58018}"
EndProject
Project("{8BC9CEB8-8B4A-11D0-8D11-00A0C91BC942}") = "sindylib_core_vc11", "..\..\LIB\TDC\sindylib_core\build\sindylib_core_vc11.vcxproj", "{E7351738-6401-40CA-B87F-74A670E7CB8C}"
EndProject
Global
	GlobalSection(SolutionConfigurationPlatforms) = preSolution
		Debug|Win32 = Debug|Win32
		Release|Win32 = Release|Win32
	EndGlobalSection
	GlobalSection(ProjectConfigurationPlatforms) = postSolution
		{D62646E4-9159-4112-9B97-1D3FC8461081}.Debug|Win32.ActiveCfg = Debug|Win32
		{D62646E4-9159-4112-9B97-1D3FC8461081}.Debug|Win32.Build.0 = Debug|Win32
		{D62646E4-9159-4112-9B97-1D3FC8461081}.Release|Win32.ActiveCfg = Release|Win32
		{D62646E4-9159-4112-9B97-1D3FC8461081}.Release|Win32.Build.0 = Release|Win32
		{DFE6DADA-135B-4437-8390-6E9BF3ECF93B}.Debug|Win32.ActiveCfg = Debug|Win32
		{DFE6DADA-135B-4437-8390-6E9BF3ECF93B}.Debug|Win32.Build.0 = Debug|Win32
		{DFE6DADA-135B-4437-8390-6E9BF3ECF93B}.Release|Win32.ActiveCfg = Release|Win32
		{DFE6DADA-135B-4437-8390-6E9BF3ECF93B}.Release|Win32.Build.0 = Release|Win32
		{E526D13B-2BFD-4B40-9F4C-0B0131310E3D}.Debug|Win32.ActiveCfg = Unicode Debug|Win32
		{E526D13B-2BFD-4B40-9F4C-0B0131310E3D}.Debug|Win32.Build.0 = Unicode Debug|Win32
		{E526D13B-2BFD-4B40-9F4C-0B0131310E3D}.Release|Win32.ActiveCfg = Unicode Release|Win32
		{E526D13B-2BFD-4B40-9F4C-0B0131310E3D}.Release|Win32.Build.0 = Unicode Release|Win32
		{B2B09C5E-D72B-40E2-931F-49B17C5DB10F}.Debug|Win32.ActiveCfg = Debug|Win32
		{B2B09C5E-D72B-40E2-931F-49B17C5DB10F}.Debug|Win32.Build.0 = Debug|Win32
		{B2B09C5E-D72B-40E2-931F-49B17C5DB10F}.Release|Win32.ActiveCfg = Release|Win32
		{B2B09C5E-D72B-40E2-931F-49B17C5DB10F}.Release|Win32.Build.0 = Release|Win32
		{D199805B-EEF2-4236-9190-F67D582B1BFB}.Debug|Win32.ActiveCfg = Debug|Win32
		{D199805B-EEF2-4236-9190-F67D582B1BFB}.Debug|Win32.Build.0 = Debug|Win32
		{D199805B-EEF2-4236-9190-F67D582B1BFB}.Release|Win32.ActiveCfg = Release|Win32
		{D199805B-EEF2-4236-9190-F67D582B1BFB}.Release|Win32.Build.0 = Release|Win32
		{2B2235A9-B5F7-4111-843D-2C34E5154944}.Debug|Win32.ActiveCfg = Debug|Win32
		{2B2235A9-B5F7-4111-843D-2C34E5154944}.Debug|Win32.Build.0 = Debug|Win32
		{2B2235A9-B5F7-4111-843D-2C34E5154944}.Release|Win32.ActiveCfg = Release|Win32
		{2B2235A9-B5F7-4111-843D-2C34E5154944}.Release|Win32.Build.0 = Release|Win32
		{011B737E-84FE-4671-91A8-B842814286A4}.Debug|Win32.ActiveCfg = Debug|Win32
		{011B737E-84FE-4671-91A8-B842814286A4}.Debug|Win32.Build.0 = Debug|Win32
		{011B737E-84FE-4671-91A8-B842814286A4}.Release|Win32.ActiveCfg = Release|Win32
		{011B737E-84FE-4671-91A8-B842814286A4}.Release|Win32.Build.0 = Release|Win32
		{3C63403A-2E4C-43AF-9B86-D810F0235F81}.Debug|Win32.ActiveCfg = Debug|Win32
		{3C63403A-2E4C-43AF-9B86-D810F0235F81}.Debug|Win32.Build.0 = Debug|Win32
		{3C63403A-2E4C-43AF-9B86-D810F0235F81}.Release|Win32.ActiveCfg = Release|Win32
		{3C63403A-2E4C-43AF-9B86-D810F0235F81}.Release|Win32.Build.0 = Release|Win32
		{CB063E81-42D2-4500-942A-B5E77900F442}.Debug|Win32.ActiveCfg = Debug|Win32
		{CB063E81-42D2-4500-942A-B5E77900F442}.Debug|Win32.Build.0 = Debug|Win32
		{CB063E81-42D2-4500-942A-B5E77900F442}.Release|Win32.ActiveCfg = Release|Win32
		{CB063E81-42D2-4500-942A-B5E77900F442}.Release|Win32.Build.0 = Release|Win32
		{5B0E0545-3D1E-4233-BF0B-55BC76969BD6}.Debug|Win32.ActiveCfg = Debug|Win32
		{5B0E0545-3D1E-4233-BF0B-55BC76969BD6}.Debug|Win32.Build.0 = Debug|Win32
		{5B0E0545-3D1E-4233-BF0B-55BC76969BD6}.Release|Win32.ActiveCfg = Release|Win32
		{5B0E0545-3D1E-4233-BF0B-55BC76969BD6}.Release|Win32.Build.0 = Release|Win32
		{CBEB2339-5612-4E8C-A838-6150FCC58018}.Debug|Win32.ActiveCfg = Debug|Win32
		{CBEB2339-5612-4E8C-A838-6150FCC58018}.Debug|Win32.Build.0 = Debug|Win32
		{CBEB2339-5612-4E8C-A838-6150FCC58018}.Release|Win32.ActiveCfg = Release|Win32
		{CBEB2339-5612-4E8C-A838-6150FCC58018}.Release|Win32.Build.0 = Release|Win32
		{E7351738-6401-40CA-B87F-74A670E7CB8C}.Debug|Win32.ActiveCfg = Debug|Win32
		{E7351738-6401-40CA-B87F-74A670E7CB8C}.Debug|Win32.Build.0 = Debug|Win32
		{E7351738-6401-40CA-B87F-74A670E7CB8C}.Release|Win32.ActiveCfg = Release|Win32
		{E7351738-6401-40CA-B87F-74A670E7CB8C}.Release|Win32.Build.0 = Release|Win32
	EndGlobalSection
	GlobalSection(SolutionProperties) = preSolution
		HideSolutionNode = FALSE
	EndGlobalSection
EndGlobal
