
Microsoft Visual Studio Solution File, Format Version 10.00
# Visual Studio 2008
Project("{8BC9CEB8-8B4A-11D0-8D11-00A0C91BC942}") = "document", "document.vcproj", "{43562A89-FA57-409A-B431-8EDF0D11E07F}"
EndProject
Global
	GlobalSection(SolutionConfigurationPlatforms) = preSolution
		Develop|Win32 = Develop|Win32
		Release|Win32 = Release|Win32
	EndGlobalSection
	GlobalSection(ProjectConfigurationPlatforms) = postSolution
		{43562A89-FA57-409A-B431-8EDF0D11E07F}.Develop|Win32.ActiveCfg = Develop|Win32
		{43562A89-FA57-409A-B431-8EDF0D11E07F}.Develop|Win32.Build.0 = Develop|Win32
		{43562A89-FA57-409A-B431-8EDF0D11E07F}.Release|Win32.ActiveCfg = Release|Win32
		{43562A89-FA57-409A-B431-8EDF0D11E07F}.Release|Win32.Build.0 = Release|Win32
	EndGlobalSection
	GlobalSection(SolutionProperties) = preSolution
		HideSolutionNode = FALSE
	EndGlobalSection
EndGlobal
