<?xml version="1.0" encoding="utf-8"?>
<Project ToolsVersion="4.0" xmlns="http://schemas.microsoft.com/developer/msbuild/2003">
  <ItemGroup>
    <Filter Include="ドキュメント ファイル">
      <UniqueIdentifier>{7d2ad960-dff2-4f25-b537-7970c3427d44}</UniqueIdentifier>
      <Extensions>dox</Extensions>
    </Filter>
    <Filter Include="スクリプト ファイル">
      <UniqueIdentifier>{1f469dc1-7d86-46c4-80b1-f7b3ac60dbe5}</UniqueIdentifier>
    </Filter>
    <Filter Include="設定ファイル">
      <UniqueIdentifier>{a0e69286-2176-41f1-985a-461c83f6cd04}</UniqueIdentifier>
    </Filter>
  </ItemGroup>
  <ItemGroup>
    <None Include="history.dox">
      <Filter>ドキュメント ファイル</Filter>
    </None>
    <None Include="introduction.dox">
      <Filter>ドキュメント ファイル</Filter>
    </None>
    <None Include="mainpage.dox">
      <Filter>ドキュメント ファイル</Filter>
    </None>
    <None Include="overview.dox">
      <Filter>ドキュメント ファイル</Filter>
    </None>
    <None Include="usage.dox">
      <Filter>ドキュメント ファイル</Filter>
    </None>
    <None Include="make.bat">
      <Filter>スクリプト ファイル</Filter>
    </None>
    <None Include="doxyfile">
      <Filter>設定ファイル</Filter>
    </None>
    <None Include="makefile">
      <Filter>設定ファイル</Filter>
    </None>
    <None Include="version.bat">
      <Filter>設定ファイル</Filter>
    </None>
  </ItemGroup>
  <ItemGroup>
    <None Include="../../../../Project/LicenseHeaderMaster.licenseheader" />
  </ItemGroup>
</Project>

