<?xml version="1.0" encoding="utf-8"?>
<Project ToolsVersion="4.0" xmlns="http://schemas.microsoft.com/developer/msbuild/2003">
  <ItemGroup>
    <Filter Include="Source Files">
      <UniqueIdentifier>{2633a4b7-938a-4dc7-a57d-088bce6ab5fb}</UniqueIdentifier>
      <Extensions>cpp;c;cxx;rc;def;r;odl;idl;hpj;bat</Extensions>
    </Filter>
    <Filter Include="Header Files">
      <UniqueIdentifier>{7a7fcb4a-fcc8-45ac-a888-cf8807175a54}</UniqueIdentifier>
      <Extensions>h;hpp;hxx;hm;inl</Extensions>
    </Filter>
  </ItemGroup>
  <ItemGroup>
    <ClCompile Include="RNSDelimitStream.cpp">
      <Filter>Source Files</Filter>
    </ClCompile>
    <ClCompile Include="RNSDirectory.cpp">
      <Filter>Source Files</Filter>
    </ClCompile>
    <ClCompile Include="RNSException.cpp">
      <Filter>Source Files</Filter>
    </ClCompile>
    <ClCompile Include="RNSGroup.cpp">
      <Filter>Source Files</Filter>
    </ClCompile>
    <ClCompile Include="RNSID.cpp">
      <Filter>Source Files</Filter>
    </ClCompile>
    <ClCompile Include="RNSPlant.cpp">
      <Filter>Source Files</Filter>
    </ClCompile>
    <ClCompile Include="RNSString.cpp">
      <Filter>Source Files</Filter>
    </ClCompile>
    <ClCompile Include="stdafx.cpp">
      <Filter>Source Files</Filter>
    </ClCompile>
    <ClCompile Include="RNSMessage.cpp">
      <Filter>Source Files</Filter>
    </ClCompile>
    <ClCompile Include="RNSSindyCountry.cpp">
      <Filter>Source Files</Filter>
    </ClCompile>
  </ItemGroup>
  <ItemGroup>
    <ClInclude Include="RNS.h">
      <Filter>Header Files</Filter>
    </ClInclude>
    <ClInclude Include="RNSDelimitStream.h">
      <Filter>Header Files</Filter>
    </ClInclude>
    <ClInclude Include="RNSDirectory.h">
      <Filter>Header Files</Filter>
    </ClInclude>
    <ClInclude Include="RNSException.h">
      <Filter>Header Files</Filter>
    </ClInclude>
    <ClInclude Include="RNSGroup.h">
      <Filter>Header Files</Filter>
    </ClInclude>
    <ClInclude Include="RNSID.h">
      <Filter>Header Files</Filter>
    </ClInclude>
    <ClInclude Include="RNSObject.h">
      <Filter>Header Files</Filter>
    </ClInclude>
    <ClInclude Include="RNSPlant.h">
      <Filter>Header Files</Filter>
    </ClInclude>
    <ClInclude Include="RNSString.h">
      <Filter>Header Files</Filter>
    </ClInclude>
    <ClInclude Include="libRNS.h">
      <Filter>Header Files</Filter>
    </ClInclude>
    <ClInclude Include="Type.h">
      <Filter>Header Files</Filter>
    </ClInclude>
    <ClInclude Include="stdafx.h">
      <Filter>Header Files</Filter>
    </ClInclude>
    <ClInclude Include="RNSMessageTable.h">
      <Filter>Header Files</Filter>
    </ClInclude>
    <ClInclude Include="RNSMessage.h">
      <Filter>Header Files</Filter>
    </ClInclude>
    <ClInclude Include="RNSSindyCountry.h">
      <Filter>Header Files</Filter>
    </ClInclude>
  </ItemGroup>
  <ItemGroup>
    <None Include="../../../Project/LicenseHeaderMaster.licenseheader" />
  </ItemGroup>
</Project>

