<?xml version="1.0" encoding="utf-8"?>
<Project ToolsVersion="4.0" xmlns="http://schemas.microsoft.com/developer/msbuild/2003">
  <ItemGroup>
    <Filter Include="Source Files">
      <UniqueIdentifier>{8dad1dfe-8996-44f3-80f7-b287845eee15}</UniqueIdentifier>
      <Extensions>cpp;c;cxx;rc;def;r;odl;idl;hpj;bat</Extensions>
    </Filter>
    <Filter Include="Header Files">
      <UniqueIdentifier>{e7a58f21-3965-4f35-9973-dc062fc0b5c9}</UniqueIdentifier>
      <Extensions>h;hpp;hxx;hm;inl</Extensions>
    </Filter>
  </ItemGroup>
  <ItemGroup>
    <ClCompile Include="MPQ.cpp">
      <Filter>Source Files</Filter>
    </ClCompile>
    <ClCompile Include="MPQCreator.cpp">
      <Filter>Source Files</Filter>
    </ClCompile>
    <ClCompile Include="MPQEdit.cpp">
      <Filter>Source Files</Filter>
    </ClCompile>
    <ClCompile Include="MPQJoint.cpp">
      <Filter>Source Files</Filter>
    </ClCompile>
    <ClCompile Include="MPQPro.cpp">
      <Filter>Source Files</Filter>
    </ClCompile>
    <ClCompile Include="MPQVer1.cpp">
      <Filter>Source Files</Filter>
    </ClCompile>
    <ClCompile Include="MPQVer2.cpp">
      <Filter>Source Files</Filter>
    </ClCompile>
    <ClCompile Include="MPQVer3.cpp">
      <Filter>Source Files</Filter>
    </ClCompile>
    <ClCompile Include="StdAfx.cpp">
      <Filter>Source Files</Filter>
    </ClCompile>
  </ItemGroup>
  <ItemGroup>
    <ClInclude Include="MPQ.h">
      <Filter>Header Files</Filter>
    </ClInclude>
    <ClInclude Include="MPQCreator.h">
      <Filter>Header Files</Filter>
    </ClInclude>
    <ClInclude Include="MPQEdit.h">
      <Filter>Header Files</Filter>
    </ClInclude>
    <ClInclude Include="MPQFunctional.h">
      <Filter>Header Files</Filter>
    </ClInclude>
    <ClInclude Include="MPQIO.h">
      <Filter>Header Files</Filter>
    </ClInclude>
    <ClInclude Include="MPQJoint.h">
      <Filter>Header Files</Filter>
    </ClInclude>
    <ClInclude Include="MPQPro.h">
      <Filter>Header Files</Filter>
    </ClInclude>
    <ClInclude Include="MPQVer1.h">
      <Filter>Header Files</Filter>
    </ClInclude>
    <ClInclude Include="MPQVer2.h">
      <Filter>Header Files</Filter>
    </ClInclude>
    <ClInclude Include="MPQVer3.h">
      <Filter>Header Files</Filter>
    </ClInclude>
    <ClInclude Include="MPQView.h">
      <Filter>Header Files</Filter>
    </ClInclude>
    <ClInclude Include="StdAfx.h">
      <Filter>Header Files</Filter>
    </ClInclude>
  </ItemGroup>
  <ItemGroup>
    <None Include="../../Project/LicenseHeaderMaster.licenseheader" />
  </ItemGroup>
</Project>

