<?xml version="1.0" encoding="utf-8"?>
<Project ToolsVersion="4.0" xmlns="http://schemas.microsoft.com/developer/msbuild/2003">
  <ItemGroup>
    <Filter Include="ドキュメント ファイル">
      <UniqueIdentifier>{caed1e39-78ec-40d4-909b-ea09221241bc}</UniqueIdentifier>
      <Extensions>dox</Extensions>
    </Filter>
    <Filter Include="スクリプト ファイル">
      <UniqueIdentifier>{3352e010-52b9-4809-9be9-e45485f1276a}</UniqueIdentifier>
    </Filter>
    <Filter Include="設定ファイル">
      <UniqueIdentifier>{a0dc5e6d-6c09-4794-9bfa-9abdb4c786c7}</UniqueIdentifier>
    </Filter>
  </ItemGroup>
  <ItemGroup>
    <None Include="history.dox">
      <Filter>ドキュメント ファイル</Filter>
    </None>
    <None Include="introduction.dox">
      <Filter>ドキュメント ファイル</Filter>
    </None>
    <None Include="mainpage.dox">
      <Filter>ドキュメント ファイル</Filter>
    </None>
    <None Include="maintenance.dox">
      <Filter>ドキュメント ファイル</Filter>
    </None>
    <None Include="operation.dox">
      <Filter>ドキュメント ファイル</Filter>
    </None>
    <None Include="overview.dox">
      <Filter>ドキュメント ファイル</Filter>
    </None>
    <None Include="make.bat">
      <Filter>スクリプト ファイル</Filter>
    </None>
    <None Include="doxyfile">
      <Filter>設定ファイル</Filter>
    </None>
    <None Include="makefile">
      <Filter>設定ファイル</Filter>
    </None>
    <None Include="version.bat">
      <Filter>設定ファイル</Filter>
    </None>
  </ItemGroup>
  <ItemGroup>
    <None Include="../../../Project/LicenseHeaderMaster.licenseheader" />
  </ItemGroup>
</Project>

