
Microsoft Visual Studio Solution File, Format Version 12.00
# Visual Studio 14
VisualStudioVersion = 14.0.25420.1
MinimumVisualStudioVersion = 10.0.40219.1
Project("{8BC9CEB8-8B4A-11D0-8D11-00A0C91BC942}") = "ConvAddrPoint", "ConvAddrPoint.vcxproj", "{C70E2F76-769B-46BA-B4C8-FD6F87F47D49}"
EndProject
Project("{8BC9CEB8-8B4A-11D0-8D11-00A0C91BC942}") = "schema_vc11", "..\..\LIB\sindy\build\schema\schema_vc11.vcxproj", "{B2B09C5E-D72B-40E2-931F-49B17C5DB10F}"
EndProject
Project("{8BC9CEB8-8B4A-11D0-8D11-00A0C91BC942}") = "crd_cnv_vc11", "..\..\LIB\crd_cnv\crd_cnv_vc11.vcxproj", "{E526D13B-2BFD-4B40-9F4C-0B0131310E3D}"
EndProject
Project("{8BC9CEB8-8B4A-11D0-8D11-00A0C91BC942}") = "WKF_LIB", "..\..\LIB\WKF_LIB\WKF_LIB_vc11.vcxproj", "{FAF3E68E-E10C-47F9-BD1A-4A3FFB12A495}"
EndProject
Global
	GlobalSection(SolutionConfigurationPlatforms) = preSolution
		Debug|x64 = Debug|x64
		Debug|x86 = Debug|x86
		MBCS Debug|x64 = MBCS Debug|x64
		MBCS Debug|x86 = MBCS Debug|x86
		MBCS Release|x64 = MBCS Release|x64
		MBCS Release|x86 = MBCS Release|x86
		Release|x64 = Release|x64
		Release|x86 = Release|x86
		Unicode Debug DLL|x64 = Unicode Debug DLL|x64
		Unicode Debug DLL|x86 = Unicode Debug DLL|x86
		Unicode Debug|x64 = Unicode Debug|x64
		Unicode Debug|x86 = Unicode Debug|x86
		Unicode Release DLL|x64 = Unicode Release DLL|x64
		Unicode Release DLL|x86 = Unicode Release DLL|x86
		Unicode Release|x64 = Unicode Release|x64
		Unicode Release|x86 = Unicode Release|x86
	EndGlobalSection
	GlobalSection(ProjectConfigurationPlatforms) = postSolution
		{C70E2F76-769B-46BA-B4C8-FD6F87F47D49}.Debug|x64.ActiveCfg = Debug|x64
		{C70E2F76-769B-46BA-B4C8-FD6F87F47D49}.Debug|x64.Build.0 = Debug|x64
		{C70E2F76-769B-46BA-B4C8-FD6F87F47D49}.Debug|x86.ActiveCfg = Debug|Win32
		{C70E2F76-769B-46BA-B4C8-FD6F87F47D49}.Debug|x86.Build.0 = Debug|Win32
		{C70E2F76-769B-46BA-B4C8-FD6F87F47D49}.MBCS Debug|x64.ActiveCfg = Debug|x64
		{C70E2F76-769B-46BA-B4C8-FD6F87F47D49}.MBCS Debug|x64.Build.0 = Debug|x64
		{C70E2F76-769B-46BA-B4C8-FD6F87F47D49}.MBCS Debug|x86.ActiveCfg = Debug|Win32
		{C70E2F76-769B-46BA-B4C8-FD6F87F47D49}.MBCS Debug|x86.Build.0 = Debug|Win32
		{C70E2F76-769B-46BA-B4C8-FD6F87F47D49}.MBCS Release|x64.ActiveCfg = Release|x64
		{C70E2F76-769B-46BA-B4C8-FD6F87F47D49}.MBCS Release|x64.Build.0 = Release|x64
		{C70E2F76-769B-46BA-B4C8-FD6F87F47D49}.MBCS Release|x86.ActiveCfg = Release|Win32
		{C70E2F76-769B-46BA-B4C8-FD6F87F47D49}.MBCS Release|x86.Build.0 = Release|Win32
		{C70E2F76-769B-46BA-B4C8-FD6F87F47D49}.Release|x64.ActiveCfg = Release|x64
		{C70E2F76-769B-46BA-B4C8-FD6F87F47D49}.Release|x64.Build.0 = Release|x64
		{C70E2F76-769B-46BA-B4C8-FD6F87F47D49}.Release|x86.ActiveCfg = Release|Win32
		{C70E2F76-769B-46BA-B4C8-FD6F87F47D49}.Release|x86.Build.0 = Release|Win32
		{C70E2F76-769B-46BA-B4C8-FD6F87F47D49}.Unicode Debug DLL|x64.ActiveCfg = Debug|x64
		{C70E2F76-769B-46BA-B4C8-FD6F87F47D49}.Unicode Debug DLL|x64.Build.0 = Debug|x64
		{C70E2F76-769B-46BA-B4C8-FD6F87F47D49}.Unicode Debug DLL|x86.ActiveCfg = Debug|Win32
		{C70E2F76-769B-46BA-B4C8-FD6F87F47D49}.Unicode Debug DLL|x86.Build.0 = Debug|Win32
		{C70E2F76-769B-46BA-B4C8-FD6F87F47D49}.Unicode Debug|x64.ActiveCfg = Debug|x64
		{C70E2F76-769B-46BA-B4C8-FD6F87F47D49}.Unicode Debug|x64.Build.0 = Debug|x64
		{C70E2F76-769B-46BA-B4C8-FD6F87F47D49}.Unicode Debug|x86.ActiveCfg = Debug|Win32
		{C70E2F76-769B-46BA-B4C8-FD6F87F47D49}.Unicode Debug|x86.Build.0 = Debug|Win32
		{C70E2F76-769B-46BA-B4C8-FD6F87F47D49}.Unicode Release DLL|x64.ActiveCfg = Release|x64
		{C70E2F76-769B-46BA-B4C8-FD6F87F47D49}.Unicode Release DLL|x64.Build.0 = Release|x64
		{C70E2F76-769B-46BA-B4C8-FD6F87F47D49}.Unicode Release DLL|x86.ActiveCfg = Release|Win32
		{C70E2F76-769B-46BA-B4C8-FD6F87F47D49}.Unicode Release DLL|x86.Build.0 = Release|Win32
		{C70E2F76-769B-46BA-B4C8-FD6F87F47D49}.Unicode Release|x64.ActiveCfg = Release|x64
		{C70E2F76-769B-46BA-B4C8-FD6F87F47D49}.Unicode Release|x64.Build.0 = Release|x64
		{C70E2F76-769B-46BA-B4C8-FD6F87F47D49}.Unicode Release|x86.ActiveCfg = Release|Win32
		{C70E2F76-769B-46BA-B4C8-FD6F87F47D49}.Unicode Release|x86.Build.0 = Release|Win32
		{B2B09C5E-D72B-40E2-931F-49B17C5DB10F}.Debug|x64.ActiveCfg = Debug|Win32
		{B2B09C5E-D72B-40E2-931F-49B17C5DB10F}.Debug|x86.ActiveCfg = Debug|Win32
		{B2B09C5E-D72B-40E2-931F-49B17C5DB10F}.Debug|x86.Build.0 = Debug|Win32
		{B2B09C5E-D72B-40E2-931F-49B17C5DB10F}.MBCS Debug|x64.ActiveCfg = MBCS Debug|Win32
		{B2B09C5E-D72B-40E2-931F-49B17C5DB10F}.MBCS Debug|x86.ActiveCfg = MBCS Debug|Win32
		{B2B09C5E-D72B-40E2-931F-49B17C5DB10F}.MBCS Debug|x86.Build.0 = MBCS Debug|Win32
		{B2B09C5E-D72B-40E2-931F-49B17C5DB10F}.MBCS Release|x64.ActiveCfg = MBCS Release|Win32
		{B2B09C5E-D72B-40E2-931F-49B17C5DB10F}.MBCS Release|x86.ActiveCfg = MBCS Release|Win32
		{B2B09C5E-D72B-40E2-931F-49B17C5DB10F}.MBCS Release|x86.Build.0 = MBCS Release|Win32
		{B2B09C5E-D72B-40E2-931F-49B17C5DB10F}.Release|x64.ActiveCfg = Release|Win32
		{B2B09C5E-D72B-40E2-931F-49B17C5DB10F}.Release|x86.ActiveCfg = Release|Win32
		{B2B09C5E-D72B-40E2-931F-49B17C5DB10F}.Release|x86.Build.0 = Release|Win32
		{B2B09C5E-D72B-40E2-931F-49B17C5DB10F}.Unicode Debug DLL|x64.ActiveCfg = MBCS Release|Win32
		{B2B09C5E-D72B-40E2-931F-49B17C5DB10F}.Unicode Debug DLL|x64.Build.0 = MBCS Release|Win32
		{B2B09C5E-D72B-40E2-931F-49B17C5DB10F}.Unicode Debug DLL|x86.ActiveCfg = Debug|Win32
		{B2B09C5E-D72B-40E2-931F-49B17C5DB10F}.Unicode Debug DLL|x86.Build.0 = Debug|Win32
		{B2B09C5E-D72B-40E2-931F-49B17C5DB10F}.Unicode Debug|x64.ActiveCfg = MBCS Release|Win32
		{B2B09C5E-D72B-40E2-931F-49B17C5DB10F}.Unicode Debug|x64.Build.0 = MBCS Release|Win32
		{B2B09C5E-D72B-40E2-931F-49B17C5DB10F}.Unicode Debug|x86.ActiveCfg = Debug|Win32
		{B2B09C5E-D72B-40E2-931F-49B17C5DB10F}.Unicode Debug|x86.Build.0 = Debug|Win32
		{B2B09C5E-D72B-40E2-931F-49B17C5DB10F}.Unicode Release DLL|x64.ActiveCfg = MBCS Release|Win32
		{B2B09C5E-D72B-40E2-931F-49B17C5DB10F}.Unicode Release DLL|x64.Build.0 = MBCS Release|Win32
		{B2B09C5E-D72B-40E2-931F-49B17C5DB10F}.Unicode Release DLL|x86.ActiveCfg = Release|Win32
		{B2B09C5E-D72B-40E2-931F-49B17C5DB10F}.Unicode Release DLL|x86.Build.0 = Release|Win32
		{B2B09C5E-D72B-40E2-931F-49B17C5DB10F}.Unicode Release|x64.ActiveCfg = MBCS Release|Win32
		{B2B09C5E-D72B-40E2-931F-49B17C5DB10F}.Unicode Release|x64.Build.0 = MBCS Release|Win32
		{B2B09C5E-D72B-40E2-931F-49B17C5DB10F}.Unicode Release|x86.ActiveCfg = Release|Win32
		{B2B09C5E-D72B-40E2-931F-49B17C5DB10F}.Unicode Release|x86.Build.0 = Release|Win32
		{E526D13B-2BFD-4B40-9F4C-0B0131310E3D}.Debug|x64.ActiveCfg = Debug|Win32
		{E526D13B-2BFD-4B40-9F4C-0B0131310E3D}.Debug|x86.ActiveCfg = Debug|Win32
		{E526D13B-2BFD-4B40-9F4C-0B0131310E3D}.Debug|x86.Build.0 = Debug|Win32
		{E526D13B-2BFD-4B40-9F4C-0B0131310E3D}.MBCS Debug|x64.ActiveCfg = Unicode Release|Win32
		{E526D13B-2BFD-4B40-9F4C-0B0131310E3D}.MBCS Debug|x64.Build.0 = Unicode Release|Win32
		{E526D13B-2BFD-4B40-9F4C-0B0131310E3D}.MBCS Debug|x86.ActiveCfg = Debug|Win32
		{E526D13B-2BFD-4B40-9F4C-0B0131310E3D}.MBCS Debug|x86.Build.0 = Debug|Win32
		{E526D13B-2BFD-4B40-9F4C-0B0131310E3D}.MBCS Release|x64.ActiveCfg = Unicode Release|Win32
		{E526D13B-2BFD-4B40-9F4C-0B0131310E3D}.MBCS Release|x64.Build.0 = Unicode Release|Win32
		{E526D13B-2BFD-4B40-9F4C-0B0131310E3D}.MBCS Release|x86.ActiveCfg = Release|Win32
		{E526D13B-2BFD-4B40-9F4C-0B0131310E3D}.MBCS Release|x86.Build.0 = Release|Win32
		{E526D13B-2BFD-4B40-9F4C-0B0131310E3D}.Release|x64.ActiveCfg = Release|Win32
		{E526D13B-2BFD-4B40-9F4C-0B0131310E3D}.Release|x86.ActiveCfg = Release|Win32
		{E526D13B-2BFD-4B40-9F4C-0B0131310E3D}.Release|x86.Build.0 = Release|Win32
		{E526D13B-2BFD-4B40-9F4C-0B0131310E3D}.Unicode Debug DLL|x64.ActiveCfg = Unicode Debug DLL|Win32
		{E526D13B-2BFD-4B40-9F4C-0B0131310E3D}.Unicode Debug DLL|x86.ActiveCfg = Unicode Debug DLL|Win32
		{E526D13B-2BFD-4B40-9F4C-0B0131310E3D}.Unicode Debug DLL|x86.Build.0 = Unicode Debug DLL|Win32
		{E526D13B-2BFD-4B40-9F4C-0B0131310E3D}.Unicode Debug|x64.ActiveCfg = Unicode Debug|Win32
		{E526D13B-2BFD-4B40-9F4C-0B0131310E3D}.Unicode Debug|x86.ActiveCfg = Unicode Debug|Win32
		{E526D13B-2BFD-4B40-9F4C-0B0131310E3D}.Unicode Debug|x86.Build.0 = Unicode Debug|Win32
		{E526D13B-2BFD-4B40-9F4C-0B0131310E3D}.Unicode Release DLL|x64.ActiveCfg = Unicode Release DLL|Win32
		{E526D13B-2BFD-4B40-9F4C-0B0131310E3D}.Unicode Release DLL|x86.ActiveCfg = Unicode Release DLL|Win32
		{E526D13B-2BFD-4B40-9F4C-0B0131310E3D}.Unicode Release DLL|x86.Build.0 = Unicode Release DLL|Win32
		{E526D13B-2BFD-4B40-9F4C-0B0131310E3D}.Unicode Release|x64.ActiveCfg = Unicode Release|Win32
		{E526D13B-2BFD-4B40-9F4C-0B0131310E3D}.Unicode Release|x86.ActiveCfg = Unicode Release|Win32
		{E526D13B-2BFD-4B40-9F4C-0B0131310E3D}.Unicode Release|x86.Build.0 = Unicode Release|Win32
		{FAF3E68E-E10C-47F9-BD1A-4A3FFB12A495}.Debug|x64.ActiveCfg = Debug|Win32
		{FAF3E68E-E10C-47F9-BD1A-4A3FFB12A495}.Debug|x86.ActiveCfg = Debug|Win32
		{FAF3E68E-E10C-47F9-BD1A-4A3FFB12A495}.Debug|x86.Build.0 = Debug|Win32
		{FAF3E68E-E10C-47F9-BD1A-4A3FFB12A495}.MBCS Debug|x64.ActiveCfg = MBCS Debug|Win32
		{FAF3E68E-E10C-47F9-BD1A-4A3FFB12A495}.MBCS Debug|x86.ActiveCfg = MBCS Debug|Win32
		{FAF3E68E-E10C-47F9-BD1A-4A3FFB12A495}.MBCS Debug|x86.Build.0 = MBCS Debug|Win32
		{FAF3E68E-E10C-47F9-BD1A-4A3FFB12A495}.MBCS Release|x64.ActiveCfg = MBCS Release|Win32
		{FAF3E68E-E10C-47F9-BD1A-4A3FFB12A495}.MBCS Release|x86.ActiveCfg = MBCS Release|Win32
		{FAF3E68E-E10C-47F9-BD1A-4A3FFB12A495}.MBCS Release|x86.Build.0 = MBCS Release|Win32
		{FAF3E68E-E10C-47F9-BD1A-4A3FFB12A495}.Release|x64.ActiveCfg = Release|Win32
		{FAF3E68E-E10C-47F9-BD1A-4A3FFB12A495}.Release|x86.ActiveCfg = Release|Win32
		{FAF3E68E-E10C-47F9-BD1A-4A3FFB12A495}.Release|x86.Build.0 = Release|Win32
		{FAF3E68E-E10C-47F9-BD1A-4A3FFB12A495}.Unicode Debug DLL|x64.ActiveCfg = MBCS Release|Win32
		{FAF3E68E-E10C-47F9-BD1A-4A3FFB12A495}.Unicode Debug DLL|x64.Build.0 = MBCS Release|Win32
		{FAF3E68E-E10C-47F9-BD1A-4A3FFB12A495}.Unicode Debug DLL|x86.ActiveCfg = Debug|Win32
		{FAF3E68E-E10C-47F9-BD1A-4A3FFB12A495}.Unicode Debug DLL|x86.Build.0 = Debug|Win32
		{FAF3E68E-E10C-47F9-BD1A-4A3FFB12A495}.Unicode Debug|x64.ActiveCfg = MBCS Release|Win32
		{FAF3E68E-E10C-47F9-BD1A-4A3FFB12A495}.Unicode Debug|x64.Build.0 = MBCS Release|Win32
		{FAF3E68E-E10C-47F9-BD1A-4A3FFB12A495}.Unicode Debug|x86.ActiveCfg = Debug|Win32
		{FAF3E68E-E10C-47F9-BD1A-4A3FFB12A495}.Unicode Debug|x86.Build.0 = Debug|Win32
		{FAF3E68E-E10C-47F9-BD1A-4A3FFB12A495}.Unicode Release DLL|x64.ActiveCfg = MBCS Release|Win32
		{FAF3E68E-E10C-47F9-BD1A-4A3FFB12A495}.Unicode Release DLL|x64.Build.0 = MBCS Release|Win32
		{FAF3E68E-E10C-47F9-BD1A-4A3FFB12A495}.Unicode Release DLL|x86.ActiveCfg = Release|Win32
		{FAF3E68E-E10C-47F9-BD1A-4A3FFB12A495}.Unicode Release DLL|x86.Build.0 = Release|Win32
		{FAF3E68E-E10C-47F9-BD1A-4A3FFB12A495}.Unicode Release|x64.ActiveCfg = MBCS Release|Win32
		{FAF3E68E-E10C-47F9-BD1A-4A3FFB12A495}.Unicode Release|x64.Build.0 = MBCS Release|Win32
		{FAF3E68E-E10C-47F9-BD1A-4A3FFB12A495}.Unicode Release|x86.ActiveCfg = Release|Win32
		{FAF3E68E-E10C-47F9-BD1A-4A3FFB12A495}.Unicode Release|x86.Build.0 = Release|Win32
	EndGlobalSection
	GlobalSection(SolutionProperties) = preSolution
		HideSolutionNode = FALSE
	EndGlobalSection
EndGlobal
