<?xml version="1.0" encoding="utf-8"?>
<Project ToolsVersion="4.0" xmlns="http://schemas.microsoft.com/developer/msbuild/2003">
  <ItemGroup>
    <ClCompile Include="Arguments.cpp">
      <Filter>Source Files</Filter>
    </ClCompile>
    <ClCompile Include="Logger.cpp">
      <Filter>Source Files</Filter>
    </ClCompile>
    <ClCompile Include="main.cpp">
      <Filter>Source Files</Filter>
    </ClCompile>
    <ClCompile Include="stdafx.cpp">
      <Filter>Source Files</Filter>
    </ClCompile>
    <ClCompile Include="CreateRoadLinkage.cpp">
      <Filter>Source Files</Filter>
    </ClCompile>
    <ClCompile Include="FeatureReader.cpp">
      <Filter>Source Files</Filter>
    </ClCompile>
    <ClCompile Include="PointArrayUtil.cpp">
      <Filter>LinkMatcher</Filter>
    </ClCompile>
    <ClCompile Include="ChildVerEditWorkspace.cpp">
      <Filter>Source Files</Filter>
    </ClCompile>
    <ClCompile Include="RoadLinkMatcher.cpp">
      <Filter>LinkMatcher</Filter>
    </ClCompile>
    <ClCompile Include="Util.cpp">
      <Filter>Source Files</Filter>
    </ClCompile>
  </ItemGroup>
  <ItemGroup>
    <ClInclude Include="Arguments.h">
      <Filter>Header Files</Filter>
    </ClInclude>
    <ClInclude Include="Logger.h">
      <Filter>Header Files</Filter>
    </ClInclude>
    <ClInclude Include="resource.h">
      <Filter>Header Files</Filter>
    </ClInclude>
    <ClInclude Include="stdafx.h">
      <Filter>Header Files</Filter>
    </ClInclude>
    <ClInclude Include="targetver.h">
      <Filter>Header Files</Filter>
    </ClInclude>
    <ClInclude Include="CreateRoadLinkage.h">
      <Filter>Header Files</Filter>
    </ClInclude>
    <ClInclude Include="FeatureReader.h">
      <Filter>Header Files</Filter>
    </ClInclude>
    <ClInclude Include="PointArrayUtil.h">
      <Filter>LinkMatcher</Filter>
    </ClInclude>
    <ClInclude Include="ChildVerEditWorkspace.h">
      <Filter>Header Files</Filter>
    </ClInclude>
    <ClInclude Include="RoadLinkMatcher.h">
      <Filter>LinkMatcher</Filter>
    </ClInclude>
    <ClInclude Include="Util.h">
      <Filter>Header Files</Filter>
    </ClInclude>
  </ItemGroup>
  <ItemGroup>
    <Filter Include="Header Files">
      <UniqueIdentifier>{dc98b9a7-2637-46fa-9518-7d3707ca0de3}</UniqueIdentifier>
    </Filter>
    <Filter Include="Source Files">
      <UniqueIdentifier>{0a5c716d-5dbb-44a2-b40b-8d3015d83bbb}</UniqueIdentifier>
    </Filter>
    <Filter Include="Resource Files">
      <UniqueIdentifier>{6af637da-0c9c-4342-b58e-008e92a61f23}</UniqueIdentifier>
    </Filter>
    <Filter Include="LinkMatcher">
      <UniqueIdentifier>{c818ba60-0c6c-4863-9623-a0d68fd77701}</UniqueIdentifier>
    </Filter>
  </ItemGroup>
  <ItemGroup>
    <ResourceCompile Include="CreateRoadLinkage.rc">
      <Filter>Resource Files</Filter>
    </ResourceCompile>
  </ItemGroup>
  <ItemGroup>
    <None Include="..\..\Project\LicenseHeaderMaster.licenseheader" />
  </ItemGroup>
</Project>