
Microsoft Visual Studio Solution File, Format Version 12.00
# Visual Studio 2012
Project("{8BC9CEB8-8B4A-11D0-8D11-00A0C91BC942}") = "CheckGPError", "CheckGPError.vcxproj", "{F1EB8A22-2466-4729-84E3-99A76213740E}"
EndProject
Global
	GlobalSection(SolutionConfigurationPlatforms) = preSolution
		Debug|Win32 = Debug|Win32
		Release|Win32 = Release|Win32
	EndGlobalSection
	GlobalSection(ProjectConfigurationPlatforms) = postSolution
		{F1EB8A22-2466-4729-84E3-99A76213740E}.Debug|Win32.ActiveCfg = Debug|Win32
		{F1EB8A22-2466-4729-84E3-99A76213740E}.Debug|Win32.Build.0 = Debug|Win32
		{F1EB8A22-2466-4729-84E3-99A76213740E}.Release|Win32.ActiveCfg = Release|Win32
		{F1EB8A22-2466-4729-84E3-99A76213740E}.Release|Win32.Build.0 = Release|Win32
	EndGlobalSection
	GlobalSection(SolutionProperties) = preSolution
		HideSolutionNode = FALSE
	EndGlobalSection
EndGlobal
