<?xml version="1.0" encoding="utf-8"?>
<Project ToolsVersion="4.0" xmlns="http://schemas.microsoft.com/developer/msbuild/2003">
  <ItemGroup>
    <ClCompile Include="AttrRailwayNodeDlg.cpp">
      <Filter>ソースファイル</Filter>
    </ClCompile>
    <ClCompile Include="stdafx.cpp">
      <Filter>ソースファイル</Filter>
    </ClCompile>
    <ClCompile Include="dllmain.cpp">
      <Filter>ソースファイル</Filter>
    </ClCompile>
    <ClCompile Include="RelTableData.cpp">
      <Filter>ソースファイル</Filter>
    </ClCompile>
    <ClCompile Include="RelationTableHelper.cpp">
      <Filter>ソースファイル</Filter>
    </ClCompile>
    <ClCompile Include="LineInfoController.cpp">
      <Filter>ソースファイル</Filter>
    </ClCompile>
  </ItemGroup>
  <ItemGroup>
    <ClInclude Include="AttrRailwayNodeDlg.h">
      <Filter>ヘッダーファイル</Filter>
    </ClInclude>
    <ClInclude Include="stdafx.h">
      <Filter>ヘッダーファイル</Filter>
    </ClInclude>
    <ClInclude Include="resource.h">
      <Filter>ヘッダーファイル</Filter>
    </ClInclude>
    <ClInclude Include="targetver.h">
      <Filter>ヘッダーファイル</Filter>
    </ClInclude>
    <ClInclude Include="RelTableData.h">
      <Filter>ヘッダーファイル</Filter>
    </ClInclude>
    <ClInclude Include="RelationTableHelper.h">
      <Filter>ヘッダーファイル</Filter>
    </ClInclude>
    <ClInclude Include="LineInfoController.h">
      <Filter>ヘッダーファイル</Filter>
    </ClInclude>
  </ItemGroup>
  <ItemGroup>
    <Text Include="ToDo.txt" />
  </ItemGroup>
  <ItemGroup>
    <Filter Include="ソースファイル">
      <UniqueIdentifier>{590a731f-fa23-42ca-8bd6-8af4f4ab86d9}</UniqueIdentifier>
    </Filter>
    <Filter Include="ヘッダーファイル">
      <UniqueIdentifier>{a1f57118-2b01-478c-abc0-a258853b9a20}</UniqueIdentifier>
    </Filter>
    <Filter Include="リソースファイル">
      <UniqueIdentifier>{7ebe46ed-f0f1-42b9-8183-84f3b8e7b7f6}</UniqueIdentifier>
    </Filter>
  </ItemGroup>
  <ItemGroup>
    <None Include="AttrRailwayNodeDlg.def">
      <Filter>リソースファイル</Filter>
    </None>
  </ItemGroup>
  <ItemGroup>
    <ResourceCompile Include="AttrRailwayNodeDlg.rc">
      <Filter>リソースファイル</Filter>
    </ResourceCompile>
  </ItemGroup>
  <ItemGroup>
    <None Include="../../../Project/LicenseHeaderMaster.licenseheader" />
  </ItemGroup>
</Project>

